{
  "version": 4,
  "terraform_version": "1.9.0",
  "serial": 511,
  "lineage": "c743bcc6-e151-2d1a-7d34-42b7af8c506a",
  "outputs": {},
  "resources": [
    {
      "mode": "data",
      "type": "template_file",
      "name": "network_config",
      "provider": "provider[\"registry.terraform.io/hashicorp/template\"]",
      "instances": [
        {
          "schema_version": 0,
          "attributes": {
            "filename": null,
            "id": "1ef7827e8d393747cc7f556550c9d5ea3fb93f464e79678479d3d60f0432f56a",
            "rendered": "version: 2\nethernets:\n  ens3:\n     dhcp4: true\n\n",
            "template": "version: 2\nethernets:\n  ens3:\n     dhcp4: true\n\n",
            "vars": null
          },
          "sensitive_attributes": []
        }
      ]
    },
    {
      "mode": "data",
      "type": "template_file",
      "name": "user_data",
      "provider": "provider[\"registry.terraform.io/hashicorp/template\"]",
      "instances": [
        {
          "schema_version": 0,
          "attributes": {
            "filename": null,
            "id": "bcd65cf0a332bbc80e62fedfd83373e72428669c08ae957bbabffc504452f46d",
            "rendered": "#cloud-config\nhostname: simple\nfqdn: simple.example.com\nmanage_etc_hosts: true\nusers:\n  - name: ubuntu\n    sudo: ALL=(ALL) NOPASSWD:ALL\n    groups: users, admin\n    home: /home/ubuntu\n    shell: /bin/bash\n    lock_passwd: false\n    ssh-authorized-keys:\n      - ssh-rsa AAAAB3NzaC1yc2EAAAADAQABAAACAQClE/wmZqqZ2nQIVQpB/G2LnLEckkQCaMz1ZjJBswUMwDv9S5LkV5TzgkFXMzo0IhsJm2PA58c2Dt+wPu3H+Q4VSuqz3WMr+RzrPFdwOXoZR9LUsh2ADslhZWUicl7H3yfyxlTfKnpB9BnDnL4y0alOGIOFSMtNlRgVWoIeNwpzqQvsreW1tKQlod/A4YuTAz4tLiJH6a962Z4K2HpmYeIHcW2ocTDYh1huB9z6ECIPEPZiI3hG+DPl91Xp8FskBHigHiAm9Gx5/F7v+UHgG+iY+BpLv7nfp9OFV7j51KK1slZtHEhb2Ik0jZvP1hWIfoNW4VElj8TBcasU69qn0M7nIUfdYjfABHnAc57NOsmZ8rJMWsjI0s2+txjLa4tBQ9Si6U6gMFZlqYDY+tQM1WkHCtPAhdMpHwUanMqRABTlVCqDa3xdWLIE2BpASa61oIqx2dN/200/3P+3z8dgeB0cUZ0FA+Q7R9pN9hKW2cP7tebJsl8oEnv3b1dTsSNJS7tpG3aPvd2IfnA5HmbK7Xn1Hj0fJ53We0zi+6w+GmtFcpdDl16aMBTl88fkizMRkcTwfO0F7J16hWuhwn56U3bFcYXSt+Ko1zN45TEXaSFXW1zBojkj9Xgsg5DVEy8qnkUbAnIoqm3vK5RWrExCyINmE9Xe7zWWCcLLadCPjBnmGw== simple\n\n# only cert auth via ssh (console access can still login)\nssh_pwauth: false\ndisable_root: false\nchpasswd:\n  list: |\n     ubuntu:linux\n  expire: False\npackages:\n  - qemu-guest-agent\n\n# test of writing content\nwrite_files:\n  - content: |\n      The quick brown fox jumped \n      over the lazy dog\n    path: /root/test.txt\n\n# written to /var/log/cloud-init-output.log\nfinal_message: \"The system is finally up, after $UPTIME seconds\"\n\n\n",
            "template": "#cloud-config\nhostname: ${hostname}\nfqdn: ${fqdn}\nmanage_etc_hosts: true\nusers:\n  - name: ubuntu\n    sudo: ALL=(ALL) NOPASSWD:ALL\n    groups: users, admin\n    home: /home/ubuntu\n    shell: /bin/bash\n    lock_passwd: false\n    ssh-authorized-keys:\n      - ${file(\"id_rsa.pub\")}\n# only cert auth via ssh (console access can still login)\nssh_pwauth: false\ndisable_root: false\nchpasswd:\n  list: |\n     ubuntu:linux\n  expire: False\npackages:\n  - qemu-guest-agent\n\n# test of writing content\nwrite_files:\n  - content: |\n      The quick brown fox jumped \n      over the lazy dog\n    path: /root/test.txt\n\n# written to /var/log/cloud-init-output.log\nfinal_message: \"The system is finally up, after $UPTIME seconds\"\n\n\n",
            "vars": {
              "fqdn": "simple.example.com",
              "hostname": "simple"
            }
          },
          "sensitive_attributes": []
        }
      ]
    },
    {
      "mode": "managed",
      "type": "libvirt_cloudinit_disk",
      "name": "commoninit",
      "provider": "provider[\"registry.terraform.io/dmacvicar/libvirt\"]",
      "instances": [
        {
          "schema_version": 0,
          "attributes": {
            "id": "/var/lib/libvirt/images/simple-commoninit.iso;53aa4f46-6b4f-4173-9888-13c25183c159",
            "meta_data": "",
            "name": "simple-commoninit.iso",
            "network_config": "version: 2\nethernets:\n  ens3:\n     dhcp4: true\n\n",
            "pool": "default",
            "user_data": "#cloud-config\nhostname: simple\nfqdn: simple.example.com\nmanage_etc_hosts: true\nusers:\n  - name: ubuntu\n    sudo: ALL=(ALL) NOPASSWD:ALL\n    groups: users, admin\n    home: /home/ubuntu\n    shell: /bin/bash\n    lock_passwd: false\n    ssh-authorized-keys:\n      - ssh-rsa AAAAB3NzaC1yc2EAAAADAQABAAACAQClE/wmZqqZ2nQIVQpB/G2LnLEckkQCaMz1ZjJBswUMwDv9S5LkV5TzgkFXMzo0IhsJm2PA58c2Dt+wPu3H+Q4VSuqz3WMr+RzrPFdwOXoZR9LUsh2ADslhZWUicl7H3yfyxlTfKnpB9BnDnL4y0alOGIOFSMtNlRgVWoIeNwpzqQvsreW1tKQlod/A4YuTAz4tLiJH6a962Z4K2HpmYeIHcW2ocTDYh1huB9z6ECIPEPZiI3hG+DPl91Xp8FskBHigHiAm9Gx5/F7v+UHgG+iY+BpLv7nfp9OFV7j51KK1slZtHEhb2Ik0jZvP1hWIfoNW4VElj8TBcasU69qn0M7nIUfdYjfABHnAc57NOsmZ8rJMWsjI0s2+txjLa4tBQ9Si6U6gMFZlqYDY+tQM1WkHCtPAhdMpHwUanMqRABTlVCqDa3xdWLIE2BpASa61oIqx2dN/200/3P+3z8dgeB0cUZ0FA+Q7R9pN9hKW2cP7tebJsl8oEnv3b1dTsSNJS7tpG3aPvd2IfnA5HmbK7Xn1Hj0fJ53We0zi+6w+GmtFcpdDl16aMBTl88fkizMRkcTwfO0F7J16hWuhwn56U3bFcYXSt+Ko1zN45TEXaSFXW1zBojkj9Xgsg5DVEy8qnkUbAnIoqm3vK5RWrExCyINmE9Xe7zWWCcLLadCPjBnmGw== simple\n\n# only cert auth via ssh (console access can still login)\nssh_pwauth: false\ndisable_root: false\nchpasswd:\n  list: |\n     ubuntu:linux\n  expire: False\npackages:\n  - qemu-guest-agent\n\n# test of writing content\nwrite_files:\n  - content: |\n      The quick brown fox jumped \n      over the lazy dog\n    path: /root/test.txt\n\n# written to /var/log/cloud-init-output.log\nfinal_message: \"The system is finally up, after $UPTIME seconds\"\n\n\n"
          },
          "sensitive_attributes": [],
          "private": "bnVsbA==",
          "dependencies": [
            "data.template_file.network_config",
            "data.template_file.user_data"
          ]
        }
      ]
    },
    {
      "mode": "managed",
      "type": "libvirt_domain",
      "name": "domain-ubuntu",
      "provider": "provider[\"registry.terraform.io/dmacvicar/libvirt\"]",
      "instances": [
        {
          "status": "tainted",
          "schema_version": 0,
          "attributes": {
            "arch": "x86_64",
            "autostart": false,
            "boot_device": [],
            "cloudinit": "/var/lib/libvirt/images/simple-commoninit.iso;53aa4f46-6b4f-4173-9888-13c25183c159",
            "cmdline": null,
            "console": [
              {
                "source_host": "127.0.0.1",
                "source_path": "",
                "source_service": "0",
                "target_port": "0",
                "target_type": "serial",
                "type": "pty"
              }
            ],
            "coreos_ignition": null,
            "cpu": [
              {
                "mode": "custom"
              }
            ],
            "description": "",
            "disk": [
              {
                "block_device": "",
                "file": "",
                "scsi": false,
                "url": "",
                "volume_id": "/var/lib/libvirt/images/simple-os_image",
                "wwn": ""
              }
            ],
            "emulator": "/usr/bin/qemu-system-x86_64",
            "filesystem": [],
            "firmware": null,
            "fw_cfg_name": "opt/com.coreos/config",
            "graphics": [
              {
                "autoport": true,
                "listen_address": "127.0.0.1",
                "listen_type": "address",
                "type": "spice",
                "websocket": 0
              }
            ],
            "id": "01b8a483-22f4-4734-9d5e-d78b638f74e9",
            "initrd": "",
            "kernel": "",
            "machine": "pc",
            "memory": 1024,
            "metadata": null,
            "name": "simple",
            "network_interface": [
              {
                "addresses": [
                  "192.168.122.209"
                ],
                "bridge": "",
                "hostname": "simple",
                "mac": "52:54:00:5A:B7:41",
                "macvtap": "",
                "network_id": "e5866616-bd7e-4d3d-9b3f-4f06ca154a4e",
                "network_name": "default",
                "passthrough": "",
                "vepa": "",
                "wait_for_lease": true
              }
            ],
            "nvram": null,
            "qemu_agent": false,
            "running": true,
            "timeouts": null,
            "tpm": [],
            "type": "kvm",
            "vcpu": 1,
            "video": [],
            "xml": []
          },
          "sensitive_attributes": [],
          "private": "eyJlMmJmYjczMC1lY2FhLTExZTYtOGY4OC0zNDM2M2JjN2M0YzAiOnsiY3JlYXRlIjozMDAwMDAwMDAwMDB9fQ==",
          "dependencies": [
            "data.template_file.network_config",
            "data.template_file.user_data",
            "libvirt_cloudinit_disk.commoninit",
            "libvirt_volume.os_image"
          ]
        }
      ]
    },
    {
      "mode": "managed",
      "type": "libvirt_volume",
      "name": "os_image",
      "provider": "provider[\"registry.terraform.io/dmacvicar/libvirt\"]",
      "instances": [
        {
          "schema_version": 0,
          "attributes": {
            "base_volume_id": null,
            "base_volume_name": null,
            "base_volume_pool": null,
            "format": "qcow2",
            "id": "/var/lib/libvirt/images/simple-os_image",
            "name": "simple-os_image",
            "pool": "default",
            "size": 2361393152,
            "source": "https://cloud-images.ubuntu.com/bionic/current/bionic-server-cloudimg-amd64.img",
            "xml": []
          },
          "sensitive_attributes": [],
          "private": "bnVsbA=="
        }
      ]
    }
  ],
  "check_results": null
}
