{
  "version": 4,
  "terraform_version": "1.9.0",
  "serial": 574,
  "lineage": "ac738820-6d52-2fef-ff10-64429bc3d8e3",
  "outputs": {
    "ips": {
      "value": [
        [
          "192.168.122.110"
        ],
        [
          "192.168.122.111"
        ],
        [
          "192.168.122.112"
        ]
      ],
      "type": [
        "tuple",
        [
          [
            "list",
            "string"
          ],
          [
            "list",
            "string"
          ],
          [
            "list",
            "string"
          ]
        ]
      ]
    }
  },
  "resources": [
    {
      "mode": "data",
      "type": "template_file",
      "name": "network_config",
      "provider": "provider[\"registry.terraform.io/hashicorp/template\"]",
      "instances": [
        {
          "schema_version": 0,
          "attributes": {
            "filename": null,
            "id": "bab5ced171f7c6bc719691e20e79e3e2b135f9ca6bb9a5014e9aaec3011806a8",
            "rendered": "version: 2\nethernets:\n  ens3:\n     dhcp4: true\n",
            "template": "version: 2\nethernets:\n  ens3:\n     dhcp4: true\n",
            "vars": null
          },
          "sensitive_attributes": []
        }
      ]
    },
    {
      "mode": "data",
      "type": "template_file",
      "name": "user_data",
      "provider": "provider[\"registry.terraform.io/hashicorp/template\"]",
      "instances": [
        {
          "schema_version": 0,
          "attributes": {
            "filename": null,
            "id": "c3618a468b60337b1ced6ccb1369a0a1563b6e61940011d64b91b9fbf3295936",
            "rendered": "#cloud-config\nhostname: terraform\nfqdn: terraform.illumination-as-code.com\nmanage_etc_hosts: true\nusers:\n  - name: ubuntu\n    sudo: ALL=(ALL) NOPASSWD:ALL\n    groups: users, admin\n    home: /home/ubuntu\n    shell: /bin/bash\n    lock_passwd: false\n    ssh-authorized-keys:\n      - ssh-rsa AAAAB3NzaC1yc2EAAAADAQABAAACAQCx4lY4uFlinV/W1jE8SlahQFxreQfJ7tfOZhSwfRCz083SQx7+IaZr+Qq6FGXNHN2DrrMHGxy3kkgIIeZeYXXk4OWQkU2OK0qlEwYcKe3der0MMSUugbxUFQkdY56cha0+7DgGIFK8QZIHQ65b4p7cI3DptyyJmw0kFouC+asJR1WxiRmqiYDbR+sadFCAvdMkvxKIPrCPmitby8+NqqwBsvwjWhcsNCAxUxHLxo/04tUagZ2MVWw0iF5rID9JiEFV3ADaM2yjofIXlaHbc0nN5q3EmetrPfAcyre9IRJN20MIBNQF+IhDpk+fgEMic1h+HcCAXDT7y83Wd5FNfXamb19qgfF9v5VpcPV+7tXYMxuFMseln4jrTAicswofEda6jsYMBjoTh7OhvrtjwzcnTDv05t4Sk80ycDS9WV1l6MFoBFsA0vy9ueNBa3bAjS/IwXOlpNEhzn+ruyoIlhZS5NVYB/6a3qxV8zHcu5vB+O0ldnCtXB7B+floGiJz68hB+Livtn3sfSNgKeDyij7WNUsjRPgZvgn79gE4vDTso+o9QCQ4rbrdnf7Mtag9UJYeqmyG+u0r9E2hLwfi7Vsgdr2lxlEhjmkhIc8NxO9U7pwd90f5XhHmJxPl+DMEw/5gA7vvabn2iinhGb2q7iYq/INKE+TDL4iR9CXmMIadrw== simple\n\n# only cert auth via ssh (console access can still login)\nssh_pwauth: false\ndisable_root: false\nchpasswd:\n  list: |\n     ubuntu:linux\n  expire: False\npackages:\n  - qemu-guest-agent\n\n# test of writing content\nwrite_files:\n  - content: |\n      The quick brown fox jumped \n      over the lazy dog\n    path: /root/test.txt\n\n# written to /var/log/cloud-init-output.log\nfinal_message: \"The system is finally up, after $UPTIME seconds\"\n\n",
            "template": "#cloud-config\nhostname: ${hostname}\nfqdn: ${fqdn}\nmanage_etc_hosts: true\nusers:\n  - name: ubuntu\n    sudo: ALL=(ALL) NOPASSWD:ALL\n    groups: users, admin\n    home: /home/ubuntu\n    shell: /bin/bash\n    lock_passwd: false\n    ssh-authorized-keys:\n      - ${file(\"id_rsa.pub\")}\n# only cert auth via ssh (console access can still login)\nssh_pwauth: false\ndisable_root: false\nchpasswd:\n  list: |\n     ubuntu:linux\n  expire: False\npackages:\n  - qemu-guest-agent\n\n# test of writing content\nwrite_files:\n  - content: |\n      The quick brown fox jumped \n      over the lazy dog\n    path: /root/test.txt\n\n# written to /var/log/cloud-init-output.log\nfinal_message: \"The system is finally up, after $UPTIME seconds\"\n\n",
            "vars": {
              "fqdn": "terraform.illumination-as-code.com",
              "hostname": "terraform"
            }
          },
          "sensitive_attributes": []
        }
      ]
    },
    {
      "mode": "managed",
      "type": "libvirt_cloudinit_disk",
      "name": "commoninit",
      "provider": "provider[\"registry.terraform.io/dmacvicar/libvirt\"]",
      "instances": [
        {
          "schema_version": 0,
          "attributes": {
            "id": "/var/lib/libvirt/images/terraform-commoninit.iso;9ccf0d12-98d2-4b56-b62f-380f6aaa42dc",
            "meta_data": "",
            "name": "terraform-commoninit.iso",
            "network_config": "version: 2\nethernets:\n  ens3:\n     dhcp4: true\n",
            "pool": "default",
            "user_data": "#cloud-config\nhostname: terraform\nfqdn: terraform.illumination-as-code.com\nmanage_etc_hosts: true\nusers:\n  - name: ubuntu\n    sudo: ALL=(ALL) NOPASSWD:ALL\n    groups: users, admin\n    home: /home/ubuntu\n    shell: /bin/bash\n    lock_passwd: false\n    ssh-authorized-keys:\n      - ssh-rsa AAAAB3NzaC1yc2EAAAADAQABAAACAQCx4lY4uFlinV/W1jE8SlahQFxreQfJ7tfOZhSwfRCz083SQx7+IaZr+Qq6FGXNHN2DrrMHGxy3kkgIIeZeYXXk4OWQkU2OK0qlEwYcKe3der0MMSUugbxUFQkdY56cha0+7DgGIFK8QZIHQ65b4p7cI3DptyyJmw0kFouC+asJR1WxiRmqiYDbR+sadFCAvdMkvxKIPrCPmitby8+NqqwBsvwjWhcsNCAxUxHLxo/04tUagZ2MVWw0iF5rID9JiEFV3ADaM2yjofIXlaHbc0nN5q3EmetrPfAcyre9IRJN20MIBNQF+IhDpk+fgEMic1h+HcCAXDT7y83Wd5FNfXamb19qgfF9v5VpcPV+7tXYMxuFMseln4jrTAicswofEda6jsYMBjoTh7OhvrtjwzcnTDv05t4Sk80ycDS9WV1l6MFoBFsA0vy9ueNBa3bAjS/IwXOlpNEhzn+ruyoIlhZS5NVYB/6a3qxV8zHcu5vB+O0ldnCtXB7B+floGiJz68hB+Livtn3sfSNgKeDyij7WNUsjRPgZvgn79gE4vDTso+o9QCQ4rbrdnf7Mtag9UJYeqmyG+u0r9E2hLwfi7Vsgdr2lxlEhjmkhIc8NxO9U7pwd90f5XhHmJxPl+DMEw/5gA7vvabn2iinhGb2q7iYq/INKE+TDL4iR9CXmMIadrw== simple\n\n# only cert auth via ssh (console access can still login)\nssh_pwauth: false\ndisable_root: false\nchpasswd:\n  list: |\n     ubuntu:linux\n  expire: False\npackages:\n  - qemu-guest-agent\n\n# test of writing content\nwrite_files:\n  - content: |\n      The quick brown fox jumped \n      over the lazy dog\n    path: /root/test.txt\n\n# written to /var/log/cloud-init-output.log\nfinal_message: \"The system is finally up, after $UPTIME seconds\"\n\n"
          },
          "sensitive_attributes": [],
          "private": "bnVsbA==",
          "dependencies": [
            "data.template_file.network_config",
            "data.template_file.user_data"
          ]
        }
      ]
    },
    {
      "mode": "managed",
      "type": "libvirt_domain",
      "name": "domain-ubuntu",
      "provider": "provider[\"registry.terraform.io/dmacvicar/libvirt\"]",
      "instances": [
        {
          "index_key": 0,
          "schema_version": 0,
          "attributes": {
            "arch": "x86_64",
            "autostart": false,
            "boot_device": [],
            "cloudinit": "/var/lib/libvirt/images/terraform-commoninit.iso;9ccf0d12-98d2-4b56-b62f-380f6aaa42dc",
            "cmdline": null,
            "console": [
              {
                "source_host": "127.0.0.1",
                "source_path": "",
                "source_service": "0",
                "target_port": "0",
                "target_type": "serial",
                "type": "pty"
              }
            ],
            "coreos_ignition": null,
            "cpu": [
              {
                "mode": "custom"
              }
            ],
            "description": "",
            "disk": [
              {
                "block_device": "",
                "file": "",
                "scsi": false,
                "url": "",
                "volume_id": "/var/lib/libvirt/images/terraform-vm01-os_image",
                "wwn": ""
              }
            ],
            "emulator": "/usr/bin/qemu-system-x86_64",
            "filesystem": [],
            "firmware": null,
            "fw_cfg_name": "opt/com.coreos/config",
            "graphics": [
              {
                "autoport": true,
                "listen_address": "127.0.0.1",
                "listen_type": "address",
                "type": "spice",
                "websocket": 0
              }
            ],
            "id": "98a995f9-06c0-4048-bdfe-a925a347a8b7",
            "initrd": "",
            "kernel": "",
            "machine": "pc",
            "memory": 1024,
            "metadata": null,
            "name": "terraform01",
            "network_interface": [
              {
                "addresses": [
                  "192.168.122.110"
                ],
                "bridge": "",
                "hostname": "terraform01",
                "mac": "52:54:00:86:0D:A1",
                "macvtap": "",
                "network_id": "e5866616-bd7e-4d3d-9b3f-4f06ca154a4e",
                "network_name": "default",
                "passthrough": "",
                "vepa": "",
                "wait_for_lease": true
              }
            ],
            "nvram": null,
            "qemu_agent": false,
            "running": true,
            "timeouts": null,
            "tpm": [],
            "type": "kvm",
            "vcpu": 1,
            "video": [],
            "xml": []
          },
          "sensitive_attributes": [],
          "private": "eyJlMmJmYjczMC1lY2FhLTExZTYtOGY4OC0zNDM2M2JjN2M0YzAiOnsiY3JlYXRlIjozMDAwMDAwMDAwMDB9fQ==",
          "dependencies": [
            "data.template_file.network_config",
            "data.template_file.user_data",
            "libvirt_cloudinit_disk.commoninit",
            "libvirt_volume.os_image"
          ]
        },
        {
          "index_key": 1,
          "schema_version": 0,
          "attributes": {
            "arch": "x86_64",
            "autostart": false,
            "boot_device": [],
            "cloudinit": "/var/lib/libvirt/images/terraform-commoninit.iso;9ccf0d12-98d2-4b56-b62f-380f6aaa42dc",
            "cmdline": null,
            "console": [
              {
                "source_host": "127.0.0.1",
                "source_path": "",
                "source_service": "0",
                "target_port": "0",
                "target_type": "serial",
                "type": "pty"
              }
            ],
            "coreos_ignition": null,
            "cpu": [
              {
                "mode": "custom"
              }
            ],
            "description": "",
            "disk": [
              {
                "block_device": "",
                "file": "",
                "scsi": false,
                "url": "",
                "volume_id": "/var/lib/libvirt/images/terraform-vm02-os_image",
                "wwn": ""
              }
            ],
            "emulator": "/usr/bin/qemu-system-x86_64",
            "filesystem": [],
            "firmware": null,
            "fw_cfg_name": "opt/com.coreos/config",
            "graphics": [
              {
                "autoport": true,
                "listen_address": "127.0.0.1",
                "listen_type": "address",
                "type": "spice",
                "websocket": 0
              }
            ],
            "id": "96916880-4766-4e7f-b5f1-dd4701f25540",
            "initrd": "",
            "kernel": "",
            "machine": "pc",
            "memory": 1024,
            "metadata": null,
            "name": "terraform02",
            "network_interface": [
              {
                "addresses": [
                  "192.168.122.111"
                ],
                "bridge": "",
                "hostname": "terraform02",
                "mac": "52:54:00:C6:9D:35",
                "macvtap": "",
                "network_id": "e5866616-bd7e-4d3d-9b3f-4f06ca154a4e",
                "network_name": "default",
                "passthrough": "",
                "vepa": "",
                "wait_for_lease": true
              }
            ],
            "nvram": null,
            "qemu_agent": false,
            "running": true,
            "timeouts": null,
            "tpm": [],
            "type": "kvm",
            "vcpu": 1,
            "video": [],
            "xml": []
          },
          "sensitive_attributes": [],
          "private": "eyJlMmJmYjczMC1lY2FhLTExZTYtOGY4OC0zNDM2M2JjN2M0YzAiOnsiY3JlYXRlIjozMDAwMDAwMDAwMDB9fQ==",
          "dependencies": [
            "data.template_file.network_config",
            "data.template_file.user_data",
            "libvirt_cloudinit_disk.commoninit",
            "libvirt_volume.os_image"
          ]
        },
        {
          "index_key": 2,
          "schema_version": 0,
          "attributes": {
            "arch": "x86_64",
            "autostart": false,
            "boot_device": [],
            "cloudinit": "/var/lib/libvirt/images/terraform-commoninit.iso;9ccf0d12-98d2-4b56-b62f-380f6aaa42dc",
            "cmdline": [],
            "console": [
              {
                "source_host": "127.0.0.1",
                "source_path": "",
                "source_service": "0",
                "target_port": "0",
                "target_type": "serial",
                "type": "pty"
              }
            ],
            "coreos_ignition": null,
            "cpu": [
              {
                "mode": "custom"
              }
            ],
            "description": "",
            "disk": [
              {
                "block_device": "",
                "file": "",
                "scsi": false,
                "url": "",
                "volume_id": "/var/lib/libvirt/images/terraform-vm03-os_image",
                "wwn": ""
              }
            ],
            "emulator": "/usr/bin/qemu-system-x86_64",
            "filesystem": [],
            "firmware": null,
            "fw_cfg_name": "opt/com.coreos/config",
            "graphics": [
              {
                "autoport": true,
                "listen_address": "127.0.0.1",
                "listen_type": "address",
                "type": "spice",
                "websocket": 0
              }
            ],
            "id": "d03947ff-1928-48ef-90cf-141ac1803f70",
            "initrd": "",
            "kernel": "",
            "machine": "pc",
            "memory": 1024,
            "metadata": null,
            "name": "terraform03",
            "network_interface": [
              {
                "addresses": [
                  "192.168.122.112"
                ],
                "bridge": "bridge-br5",
                "hostname": "terraform03",
                "mac": "52:54:00:B2:FF:6B",
                "macvtap": "",
                "network_id": "e5866616-bd7e-4d3d-9b3f-4f06ca154a4e",
                "network_name": "default",
                "passthrough": "",
                "vepa": "",
                "wait_for_lease": true
              }
            ],
            "nvram": [],
            "qemu_agent": false,
            "running": true,
            "timeouts": null,
            "tpm": [],
            "type": "kvm",
            "vcpu": 1,
            "video": [],
            "xml": []
          },
          "sensitive_attributes": [],
          "private": "eyJlMmJmYjczMC1lY2FhLTExZTYtOGY4OC0zNDM2M2JjN2M0YzAiOnsiY3JlYXRlIjozMDAwMDAwMDAwMDB9fQ==",
          "dependencies": [
            "data.template_file.network_config",
            "data.template_file.user_data",
            "libvirt_cloudinit_disk.commoninit",
            "libvirt_volume.os_image"
          ]
        }
      ]
    },
    {
      "mode": "managed",
      "type": "libvirt_volume",
      "name": "os_image",
      "provider": "provider[\"registry.terraform.io/dmacvicar/libvirt\"]",
      "instances": [
        {
          "index_key": 0,
          "schema_version": 0,
          "attributes": {
            "base_volume_id": null,
            "base_volume_name": null,
            "base_volume_pool": null,
            "format": "qcow2",
            "id": "/var/lib/libvirt/images/terraform-vm01-os_image",
            "name": "terraform-vm01-os_image",
            "pool": "default",
            "size": 2361393152,
            "source": "https://cloud-images.ubuntu.com/jammy/current/jammy-server-cloudimg-amd64.img",
            "xml": []
          },
          "sensitive_attributes": [],
          "private": "bnVsbA=="
        },
        {
          "index_key": 1,
          "schema_version": 0,
          "attributes": {
            "base_volume_id": null,
            "base_volume_name": null,
            "base_volume_pool": null,
            "format": "qcow2",
            "id": "/var/lib/libvirt/images/terraform-vm02-os_image",
            "name": "terraform-vm02-os_image",
            "pool": "default",
            "size": 2361393152,
            "source": "https://cloud-images.ubuntu.com/jammy/current/jammy-server-cloudimg-amd64.img",
            "xml": []
          },
          "sensitive_attributes": [],
          "private": "bnVsbA=="
        },
        {
          "index_key": 2,
          "schema_version": 0,
          "attributes": {
            "base_volume_id": null,
            "base_volume_name": null,
            "base_volume_pool": null,
            "format": "qcow2",
            "id": "/var/lib/libvirt/images/terraform-vm03-os_image",
            "name": "terraform-vm03-os_image",
            "pool": "default",
            "size": 2361393152,
            "source": "https://cloud-images.ubuntu.com/jammy/current/jammy-server-cloudimg-amd64.img",
            "xml": []
          },
          "sensitive_attributes": [],
          "private": "bnVsbA=="
        }
      ]
    }
  ],
  "check_results": null
}
